// !$*UTF8*$!
{
	archiveVersion = 1;
	classes = {
	};
	objectVersion = 77;
	objects = {

/* Begin PBXBuildFile section */
		31FDEA272DCAF01A00A8FE5B /* FeedKit in Frameworks */ = {isa = PBXBuildFile; productRef = 31FDEA262DCAF01A00A8FE5B /* FeedKit */; };
/* End PBXBuildFile section */

/* Begin PBXContainerItemProxy section */
		31FA39A62DC5A19A006A2F07 /* PBXContainerItemProxy */ = {
			isa = PBXContainerItemProxy;
			containerPortal = 31FA398F2DC5A198006A2F07 /* Project object */;
			proxyType = 1;
			remoteGlobalIDString = 31FA39962DC5A198006A2F07;
			remoteInfo = SimpleRSS;
		};
		31FA39B02DC5A19A006A2F07 /* PBXContainerItemProxy */ = {
			isa = PBXContainerItemProxy;
			containerPortal = 31FA398F2DC5A198006A2F07 /* Project object */;
			proxyType = 1;
			remoteGlobalIDString = 31FA39962DC5A198006A2F07;
			remoteInfo = SimpleRSS;
		};
/* End PBXContainerItemProxy section */

/* Begin PBXFileReference section */
		31FA39972DC5A198006A2F07 /* SimpleRSS.app */ = {isa = PBXFileReference; explicitFileType = wrapper.application; includeInIndex = 0; path = SimpleRSS.app; sourceTree = BUILT_PRODUCTS_DIR; };
		31FA39A52DC5A19A006A2F07 /* SimpleRSSTests.xctest */ = {isa = PBXFileReference; explicitFileType = wrapper.cfbundle; includeInIndex = 0; path = SimpleRSSTests.xctest; sourceTree = BUILT_PRODUCTS_DIR; };
		31FA39AF2DC5A19A006A2F07 /* SimpleRSSUITests.xctest */ = {isa = PBXFileReference; explicitFileType = wrapper.cfbundle; includeInIndex = 0; path = SimpleRSSUITests.xctest; sourceTree = BUILT_PRODUCTS_DIR; };
/* End PBXFileReference section */

/* Begin PBXFileSystemSynchronizedBuildFileExceptionSet section */
		31FA39C42DC5A54A006A2F07 /* Exceptions for "SimpleRSS" folder in "SimpleRSS" target */ = {
			isa = PBXFileSystemSynchronizedBuildFileExceptionSet;
			membershipExceptions = (
				Info.plist,
			);
			target = 31FA39962DC5A198006A2F07 /* SimpleRSS */;
		};
/* End PBXFileSystemSynchronizedBuildFileExceptionSet section */

/* Begin PBXFileSystemSynchronizedRootGroup section */
		31FA39992DC5A198006A2F07 /* SimpleRSS */ = {
			isa = PBXFileSystemSynchronizedRootGroup;
			exceptions = (
				31FA39C42DC5A54A006A2F07 /* Exceptions for "SimpleRSS" folder in "SimpleRSS" target */,
			);
			path = SimpleRSS;
			sourceTree = "<group>";
		};
		31FA39A82DC5A19A006A2F07 /* SimpleRSSTests */ = {
			isa = PBXFileSystemSynchronizedRootGroup;
			path = SimpleRSSTests;
			sourceTree = "<group>";
		};
		31FA39B22DC5A19A006A2F07 /* SimpleRSSUITests */ = {
			isa = PBXFileSystemSynchronizedRootGroup;
			path = SimpleRSSUITests;
			sourceTree = "<group>";
		};
/* End PBXFileSystemSynchronizedRootGroup section */

/* Begin PBXFrameworksBuildPhase section */
		31FA39942DC5A198006A2F07 /* Frameworks */ = {
			isa = PBXFrameworksBuildPhase;
			buildActionMask = 2147483647;
			files = (
				31FDEA272DCAF01A00A8FE5B /* FeedKit in Frameworks */,
			);
			runOnlyForDeploymentPostprocessing = 0;
		};
		31FA39A22DC5A19A006A2F07 /* Frameworks */ = {
			isa = PBXFrameworksBuildPhase;
			buildActionMask = 2147483647;
			files = (
			);
			runOnlyForDeploymentPostprocessing = 0;
		};
		31FA39AC2DC5A19A006A2F07 /* Frameworks */ = {
			isa = PBXFrameworksBuildPhase;
			buildActionMask = 2147483647;
			files = (
			);
			runOnlyForDeploymentPostprocessing = 0;
		};
/* End PBXFrameworksBuildPhase section */

/* Begin PBXGroup section */
		31FA398E2DC5A198006A2F07 = {
			isa = PBXGroup;
			children = (
				31FA39992DC5A198006A2F07 /* SimpleRSS */,
				31FA39A82DC5A19A006A2F07 /* SimpleRSSTests */,
				31FA39B22DC5A19A006A2F07 /* SimpleRSSUITests */,
				31FA39982DC5A198006A2F07 /* Products */,
			);
			sourceTree = "<group>";
		};
		31FA39982DC5A198006A2F07 /* Products */ = {
			isa = PBXGroup;
			children = (
				31FA39972DC5A198006A2F07 /* SimpleRSS.app */,
				31FA39A52DC5A19A006A2F07 /* SimpleRSSTests.xctest */,
				31FA39AF2DC5A19A006A2F07 /* SimpleRSSUITests.xctest */,
			);
			name = Products;
			sourceTree = "<group>";
		};
/* End PBXGroup section */

/* Begin PBXNativeTarget section */
		31FA39962DC5A198006A2F07 /* SimpleRSS */ = {
			isa = PBXNativeTarget;
			buildConfigurationList = 31FA39B92DC5A19A006A2F07 /* Build configuration list for PBXNativeTarget "SimpleRSS" */;
			buildPhases = (
				31FA39932DC5A198006A2F07 /* Sources */,
				31FA39942DC5A198006A2F07 /* Frameworks */,
				31FA39952DC5A198006A2F07 /* Resources */,
			);
			buildRules = (
			);
			dependencies = (
			);
			fileSystemSynchronizedGroups = (
				31FA39992DC5A198006A2F07 /* SimpleRSS */,
			);
			name = SimpleRSS;
			packageProductDependencies = (
				31FDEA262DCAF01A00A8FE5B /* FeedKit */,
			);
			productName = SimpleRSS;
			productReference = 31FA39972DC5A198006A2F07 /* SimpleRSS.app */;
			productType = "com.apple.product-type.application";
		};
		31FA39A42DC5A19A006A2F07 /* SimpleRSSTests */ = {
			isa = PBXNativeTarget;
			buildConfigurationList = 31FA39BC2DC5A19A006A2F07 /* Build configuration list for PBXNativeTarget "SimpleRSSTests" */;
			buildPhases = (
				31FA39A12DC5A19A006A2F07 /* Sources */,
				31FA39A22DC5A19A006A2F07 /* Frameworks */,
				31FA39A32DC5A19A006A2F07 /* Resources */,
			);
			buildRules = (
			);
			dependencies = (
				31FA39A72DC5A19A006A2F07 /* PBXTargetDependency */,
			);
			fileSystemSynchronizedGroups = (
				31FA39A82DC5A19A006A2F07 /* SimpleRSSTests */,
			);
			name = SimpleRSSTests;
			packageProductDependencies = (
			);
			productName = SimpleRSSTests;
			productReference = 31FA39A52DC5A19A006A2F07 /* SimpleRSSTests.xctest */;
			productType = "com.apple.product-type.bundle.unit-test";
		};
		31FA39AE2DC5A19A006A2F07 /* SimpleRSSUITests */ = {
			isa = PBXNativeTarget;
			buildConfigurationList = 31FA39BF2DC5A19A006A2F07 /* Build configuration list for PBXNativeTarget "SimpleRSSUITests" */;
			buildPhases = (
				31FA39AB2DC5A19A006A2F07 /* Sources */,
				31FA39AC2DC5A19A006A2F07 /* Frameworks */,
				31FA39AD2DC5A19A006A2F07 /* Resources */,
			);
			buildRules = (
			);
			dependencies = (
				31FA39B12DC5A19A006A2F07 /* PBXTargetDependency */,
			);
			fileSystemSynchronizedGroups = (
				31FA39B22DC5A19A006A2F07 /* SimpleRSSUITests */,
			);
			name = SimpleRSSUITests;
			packageProductDependencies = (
			);
			productName = SimpleRSSUITests;
			productReference = 31FA39AF2DC5A19A006A2F07 /* SimpleRSSUITests.xctest */;
			productType = "com.apple.product-type.bundle.ui-testing";
		};
/* End PBXNativeTarget section */

/* Begin PBXProject section */
		31FA398F2DC5A198006A2F07 /* Project object */ = {
			isa = PBXProject;
			attributes = {
				BuildIndependentTargetsInParallel = 1;
				LastSwiftUpdateCheck = 1630;
				LastUpgradeCheck = 1630;
				TargetAttributes = {
					31FA39962DC5A198006A2F07 = {
						CreatedOnToolsVersion = 16.3;
					};
					31FA39A42DC5A19A006A2F07 = {
						CreatedOnToolsVersion = 16.3;
						TestTargetID = 31FA39962DC5A198006A2F07;
					};
					31FA39AE2DC5A19A006A2F07 = {
						CreatedOnToolsVersion = 16.3;
						TestTargetID = 31FA39962DC5A198006A2F07;
					};
				};
			};
			buildConfigurationList = 31FA39922DC5A198006A2F07 /* Build configuration list for PBXProject "SimpleRSS" */;
			developmentRegion = en;
			hasScannedForEncodings = 0;
			knownRegions = (
				en,
				Base,
			);
			mainGroup = 31FA398E2DC5A198006A2F07;
			minimizedProjectReferenceProxies = 1;
			packageReferences = (
				31FDEA252DCAF01A00A8FE5B /* XCRemoteSwiftPackageReference "FeedKit" */,
			);
			preferredProjectObjectVersion = 77;
			productRefGroup = 31FA39982DC5A198006A2F07 /* Products */;
			projectDirPath = "";
			projectRoot = "";
			targets = (
				31FA39962DC5A198006A2F07 /* SimpleRSS */,
				31FA39A42DC5A19A006A2F07 /* SimpleRSSTests */,
				31FA39AE2DC5A19A006A2F07 /* SimpleRSSUITests */,
			);
		};
/* End PBXProject section */

/* Begin PBXResourcesBuildPhase section */
		31FA39952DC5A198006A2F07 /* Resources */ = {
			isa = PBXResourcesBuildPhase;
			buildActionMask = 2147483647;
			files = (
			);
			runOnlyForDeploymentPostprocessing = 0;
		};
		31FA39A32DC5A19A006A2F07 /* Resources */ = {
			isa = PBXResourcesBuildPhase;
			buildActionMask = 2147483647;
			files = (
			);
			runOnlyForDeploymentPostprocessing = 0;
		};
		31FA39AD2DC5A19A006A2F07 /* Resources */ = {
			isa = PBXResourcesBuildPhase;
			buildActionMask = 2147483647;
			files = (
			);
			runOnlyForDeploymentPostprocessing = 0;
		};
/* End PBXResourcesBuildPhase section */

/* Begin PBXSourcesBuildPhase section */
		31FA39932DC5A198006A2F07 /* Sources */ = {
			isa = PBXSourcesBuildPhase;
			buildActionMask = 2147483647;
			files = (
			);
			runOnlyForDeploymentPostprocessing = 0;
		};
		31FA39A12DC5A19A006A2F07 /* Sources */ = {
			isa = PBXSourcesBuildPhase;
			buildActionMask = 2147483647;
			files = (
			);
			runOnlyForDeploymentPostprocessing = 0;
		};
		31FA39AB2DC5A19A006A2F07 /* Sources */ = {
			isa = PBXSourcesBuildPhase;
			buildActionMask = 2147483647;
			files = (
			);
			runOnlyForDeploymentPostprocessing = 0;
		};
/* End PBXSourcesBuildPhase section */

/* Begin PBXTargetDependency section */
		31FA39A72DC5A19A006A2F07 /* PBXTargetDependency */ = {
			isa = PBXTargetDependency;
			target = 31FA39962DC5A198006A2F07 /* SimpleRSS */;
			targetProxy = 31FA39A62DC5A19A006A2F07 /* PBXContainerItemProxy */;
		};
		31FA39B12DC5A19A006A2F07 /* PBXTargetDependency */ = {
			isa = PBXTargetDependency;
			target = 31FA39962DC5A198006A2F07 /* SimpleRSS */;
			targetProxy = 31FA39B02DC5A19A006A2F07 /* PBXContainerItemProxy */;
		};
/* End PBXTargetDependency section */

/* Begin XCBuildConfiguration section */
		31FA39B72DC5A19A006A2F07 /* Debug */ = {
			isa = XCBuildConfiguration;
			buildSettings = {
				ALWAYS_SEARCH_USER_PATHS = NO;
				ASSETCATALOG_COMPILER_GENERATE_SWIFT_ASSET_SYMBOL_EXTENSIONS = YES;
				CLANG_ANALYZER_NONNULL = YES;
				CLANG_ANALYZER_NUMBER_OBJECT_CONVERSION = YES_AGGRESSIVE;
				CLANG_CXX_LANGUAGE_STANDARD = "gnu++20";
				CLANG_ENABLE_MODULES = YES;
				CLANG_ENABLE_OBJC_ARC = YES;
				CLANG_ENABLE_OBJC_WEAK = YES;
				CLANG_WARN_BLOCK_CAPTURE_AUTORELEASING = YES;
				CLANG_WARN_BOOL_CONVERSION = YES;
				CLANG_WARN_COMMA = YES;
				CLANG_WARN_CONSTANT_CONVERSION = YES;
				CLANG_WARN_DEPRECATED_OBJC_IMPLEMENTATIONS = YES;
				CLANG_WARN_DIRECT_OBJC_ISA_USAGE = YES_ERROR;
				CLANG_WARN_DOCUMENTATION_COMMENTS = YES;
				CLANG_WARN_EMPTY_BODY = YES;
				CLANG_WARN_ENUM_CONVERSION = YES;
				CLANG_WARN_INFINITE_RECURSION = YES;
				CLANG_WARN_INT_CONVERSION = YES;
				CLANG_WARN_NON_LITERAL_NULL_CONVERSION = YES;
				CLANG_WARN_OBJC_IMPLICIT_RETAIN_SELF = YES;
				CLANG_WARN_OBJC_LITERAL_CONVERSION = YES;
				CLANG_WARN_OBJC_ROOT_CLASS = YES_ERROR;
				CLANG_WARN_QUOTED_INCLUDE_IN_FRAMEWORK_HEADER = YES;
				CLANG_WARN_RANGE_LOOP_ANALYSIS = YES;
				CLANG_WARN_STRICT_PROTOTYPES = YES;
				CLANG_WARN_SUSPICIOUS_MOVE = YES;
				CLANG_WARN_UNGUARDED_AVAILABILITY = YES_AGGRESSIVE;
				CLANG_WARN_UNREACHABLE_CODE = YES;
				CLANG_WARN__DUPLICATE_METHOD_MATCH = YES;
				COPY_PHASE_STRIP = NO;
				DEBUG_INFORMATION_FORMAT = dwarf;
				ENABLE_STRICT_OBJC_MSGSEND = YES;
				ENABLE_TESTABILITY = YES;
				ENABLE_USER_SCRIPT_SANDBOXING = YES;
				GCC_C_LANGUAGE_STANDARD = gnu17;
				GCC_DYNAMIC_NO_PIC = NO;
				GCC_NO_COMMON_BLOCKS = YES;
				GCC_OPTIMIZATION_LEVEL = 0;
				GCC_PREPROCESSOR_DEFINITIONS = (
					"DEBUG=1",
					"$(inherited)",
				);
				GCC_WARN_64_TO_32_BIT_CONVERSION = YES;
				GCC_WARN_ABOUT_RETURN_TYPE = YES_ERROR;
				GCC_WARN_UNDECLARED_SELECTOR = YES;
				GCC_WARN_UNINITIALIZED_AUTOS = YES_AGGRESSIVE;
				GCC_WARN_UNUSED_FUNCTION = YES;
				GCC_WARN_UNUSED_VARIABLE = YES;
				LOCALIZATION_PREFERS_STRING_CATALOGS = YES;
				MACOSX_DEPLOYMENT_TARGET = 15.3;
				MTL_ENABLE_DEBUG_INFO = INCLUDE_SOURCE;
				MTL_FAST_MATH = YES;
				ONLY_ACTIVE_ARCH = YES;
				SDKROOT = macosx;
				SWIFT_ACTIVE_COMPILATION_CONDITIONS = "DEBUG $(inherited)";
				SWIFT_OPTIMIZATION_LEVEL = "-Onone";
			};
			name = Debug;
		};
		31FA39B82DC5A19A006A2F07 /* Release */ = {
			isa = XCBuildConfiguration;
			buildSettings = {
				ALWAYS_SEARCH_USER_PATHS = NO;
				ASSETCATALOG_COMPILER_GENERATE_SWIFT_ASSET_SYMBOL_EXTENSIONS = YES;
				CLANG_ANALYZER_NONNULL = YES;
				CLANG_ANALYZER_NUMBER_OBJECT_CONVERSION = YES_AGGRESSIVE;
				CLANG_CXX_LANGUAGE_STANDARD = "gnu++20";
				CLANG_ENABLE_MODULES = YES;
				CLANG_ENABLE_OBJC_ARC = YES;
				CLANG_ENABLE_OBJC_WEAK = YES;
				CLANG_WARN_BLOCK_CAPTURE_AUTORELEASING = YES;
				CLANG_WARN_BOOL_CONVERSION = YES;
				CLANG_WARN_COMMA = YES;
				CLANG_WARN_CONSTANT_CONVERSION = YES;
				CLANG_WARN_DEPRECATED_OBJC_IMPLEMENTATIONS = YES;
				CLANG_WARN_DIRECT_OBJC_ISA_USAGE = YES_ERROR;
				CLANG_WARN_DOCUMENTATION_COMMENTS = YES;
				CLANG_WARN_EMPTY_BODY = YES;
				CLANG_WARN_ENUM_CONVERSION = YES;
				CLANG_WARN_INFINITE_RECURSION = YES;
				CLANG_WARN_INT_CONVERSION = YES;
				CLANG_WARN_NON_LITERAL_NULL_CONVERSION = YES;
				CLANG_WARN_OBJC_IMPLICIT_RETAIN_SELF = YES;
				CLANG_WARN_OBJC_LITERAL_CONVERSION = YES;
				CLANG_WARN_OBJC_ROOT_CLASS = YES_ERROR;
				CLANG_WARN_QUOTED_INCLUDE_IN_FRAMEWORK_HEADER = YES;
				CLANG_WARN_RANGE_LOOP_ANALYSIS = YES;
				CLANG_WARN_STRICT_PROTOTYPES = YES;
				CLANG_WARN_SUSPICIOUS_MOVE = YES;
				CLANG_WARN_UNGUARDED_AVAILABILITY = YES_AGGRESSIVE;
				CLANG_WARN_UNREACHABLE_CODE = YES;
				CLANG_WARN__DUPLICATE_METHOD_MATCH = YES;
				COPY_PHASE_STRIP = NO;
				DEBUG_INFORMATION_FORMAT = "dwarf-with-dsym";
				ENABLE_NS_ASSERTIONS = NO;
				ENABLE_STRICT_OBJC_MSGSEND = YES;
				ENABLE_USER_SCRIPT_SANDBOXING = YES;
				GCC_C_LANGUAGE_STANDARD = gnu17;
				GCC_NO_COMMON_BLOCKS = YES;
				GCC_WARN_64_TO_32_BIT_CONVERSION = YES;
				GCC_WARN_ABOUT_RETURN_TYPE = YES_ERROR;
				GCC_WARN_UNDECLARED_SELECTOR = YES;
				GCC_WARN_UNINITIALIZED_AUTOS = YES_AGGRESSIVE;
				GCC_WARN_UNUSED_FUNCTION = YES;
				GCC_WARN_UNUSED_VARIABLE = YES;
				LOCALIZATION_PREFERS_STRING_CATALOGS = YES;
				MACOSX_DEPLOYMENT_TARGET = 15.3;
				MTL_ENABLE_DEBUG_INFO = NO;
				MTL_FAST_MATH = YES;
				SDKROOT = macosx;
				SWIFT_COMPILATION_MODE = wholemodule;
			};
			name = Release;
		};
		31FA39BA2DC5A19A006A2F07 /* Debug */ = {
			isa = XCBuildConfiguration;
			buildSettings = {
				ASSETCATALOG_COMPILER_APPICON_NAME = AppIcon;
				ASSETCATALOG_COMPILER_GLOBAL_ACCENT_COLOR_NAME = AccentColor;
				CODE_SIGN_ENTITLEMENTS = SimpleRSS/SimpleRSS.entitlements;
				"CODE_SIGN_IDENTITY[sdk=macosx*]" = "-";
				CODE_SIGN_STYLE = Automatic;
				COMBINE_HIDPI_IMAGES = YES;
				CURRENT_PROJECT_VERSION = 20250507;
				ENABLE_HARDENED_RUNTIME = YES;
				ENABLE_PREVIEWS = YES;
				GENERATE_INFOPLIST_FILE = YES;
				INFOPLIST_FILE = SimpleRSS/Info.plist;
				INFOPLIST_KEY_CFBundleDisplayName = SimpleRSS;
				INFOPLIST_KEY_LSApplicationCategoryType = "public.app-category.productivity";
				INFOPLIST_KEY_NSHumanReadableCopyright = "";
				LD_RUNPATH_SEARCH_PATHS = (
					"$(inherited)",
					"@executable_path/../Frameworks",
				);
				MARKETING_VERSION = 1.2;
				PRODUCT_BUNDLE_IDENTIFIER = com.example.dgrebenyuk.SimpleRSS;
				PRODUCT_NAME = "$(TARGET_NAME)";
				REGISTER_APP_GROUPS = YES;
				SWIFT_EMIT_LOC_STRINGS = YES;
				SWIFT_VERSION = 5.0;
			};
			name = Debug;
		};
		31FA39BB2DC5A19A006A2F07 /* Release */ = {
			isa = XCBuildConfiguration;
			buildSettings = {
				ASSETCATALOG_COMPILER_APPICON_NAME = AppIcon;
				ASSETCATALOG_COMPILER_GLOBAL_ACCENT_COLOR_NAME = AccentColor;
				CODE_SIGN_ENTITLEMENTS = SimpleRSS/SimpleRSS.entitlements;
				"CODE_SIGN_IDENTITY[sdk=macosx*]" = "-";
				CODE_SIGN_STYLE = Automatic;
				COMBINE_HIDPI_IMAGES = YES;
				CURRENT_PROJECT_VERSION = 20250507;
				ENABLE_HARDENED_RUNTIME = YES;
				ENABLE_PREVIEWS = YES;
				GENERATE_INFOPLIST_FILE = YES;
				INFOPLIST_FILE = SimpleRSS/Info.plist;
				INFOPLIST_KEY_CFBundleDisplayName = SimpleRSS;
				INFOPLIST_KEY_LSApplicationCategoryType = "public.app-category.productivity";
				INFOPLIST_KEY_NSHumanReadableCopyright = "";
				LD_RUNPATH_SEARCH_PATHS = (
					"$(inherited)",
					"@executable_path/../Frameworks",
				);
				MARKETING_VERSION = 1.2;
				PRODUCT_BUNDLE_IDENTIFIER = com.example.dgrebenyuk.SimpleRSS;
				PRODUCT_NAME = "$(TARGET_NAME)";
				REGISTER_APP_GROUPS = YES;
				SWIFT_EMIT_LOC_STRINGS = YES;
				SWIFT_VERSION = 5.0;
			};
			name = Release;
		};
		31FA39BD2DC5A19A006A2F07 /* Debug */ = {
			isa = XCBuildConfiguration;
			buildSettings = {
				BUNDLE_LOADER = "$(TEST_HOST)";
				CODE_SIGN_STYLE = Automatic;
				CURRENT_PROJECT_VERSION = 1;
				GENERATE_INFOPLIST_FILE = YES;
				MACOSX_DEPLOYMENT_TARGET = 15.3;
				MARKETING_VERSION = 1.0;
				PRODUCT_BUNDLE_IDENTIFIER = com.example.dgrebenyuk.SimpleRSSTests;
				PRODUCT_NAME = "$(TARGET_NAME)";
				SWIFT_EMIT_LOC_STRINGS = NO;
				SWIFT_VERSION = 5.0;
				TEST_HOST = "$(BUILT_PRODUCTS_DIR)/SimpleRSS.app/$(BUNDLE_EXECUTABLE_FOLDER_PATH)/SimpleRSS";
			};
			name = Debug;
		};
		31FA39BE2DC5A19A006A2F07 /* Release */ = {
			isa = XCBuildConfiguration;
			buildSettings = {
				BUNDLE_LOADER = "$(TEST_HOST)";
				CODE_SIGN_STYLE = Automatic;
				CURRENT_PROJECT_VERSION = 1;
				GENERATE_INFOPLIST_FILE = YES;
				MACOSX_DEPLOYMENT_TARGET = 15.3;
				MARKETING_VERSION = 1.0;
				PRODUCT_BUNDLE_IDENTIFIER = com.example.dgrebenyuk.SimpleRSSTests;
				PRODUCT_NAME = "$(TARGET_NAME)";
				SWIFT_EMIT_LOC_STRINGS = NO;
				SWIFT_VERSION = 5.0;
				TEST_HOST = "$(BUILT_PRODUCTS_DIR)/SimpleRSS.app/$(BUNDLE_EXECUTABLE_FOLDER_PATH)/SimpleRSS";
			};
			name = Release;
		};
		31FA39C02DC5A19A006A2F07 /* Debug */ = {
			isa = XCBuildConfiguration;
			buildSettings = {
				CODE_SIGN_STYLE = Automatic;
				CURRENT_PROJECT_VERSION = 1;
				GENERATE_INFOPLIST_FILE = YES;
				MARKETING_VERSION = 1.0;
				PRODUCT_BUNDLE_IDENTIFIER = com.example.dgrebenyuk.SimpleRSSUITests;
				PRODUCT_NAME = "$(TARGET_NAME)";
				SWIFT_EMIT_LOC_STRINGS = NO;
				SWIFT_VERSION = 5.0;
				TEST_TARGET_NAME = SimpleRSS;
			};
			name = Debug;
		};
		31FA39C12DC5A19A006A2F07 /* Release */ = {
			isa = XCBuildConfiguration;
			buildSettings = {
				CODE_SIGN_STYLE = Automatic;
				CURRENT_PROJECT_VERSION = 1;
				GENERATE_INFOPLIST_FILE = YES;
				MARKETING_VERSION = 1.0;
				PRODUCT_BUNDLE_IDENTIFIER = com.example.dgrebenyuk.SimpleRSSUITests;
				PRODUCT_NAME = "$(TARGET_NAME)";
				SWIFT_EMIT_LOC_STRINGS = NO;
				SWIFT_VERSION = 5.0;
				TEST_TARGET_NAME = SimpleRSS;
			};
			name = Release;
		};
/* End XCBuildConfiguration section */

/* Begin XCConfigurationList section */
		31FA39922DC5A198006A2F07 /* Build configuration list for PBXProject "SimpleRSS" */ = {
			isa = XCConfigurationList;
			buildConfigurations = (
				31FA39B72DC5A19A006A2F07 /* Debug */,
				31FA39B82DC5A19A006A2F07 /* Release */,
			);
			defaultConfigurationIsVisible = 0;
			defaultConfigurationName = Release;
		};
		31FA39B92DC5A19A006A2F07 /* Build configuration list for PBXNativeTarget "SimpleRSS" */ = {
			isa = XCConfigurationList;
			buildConfigurations = (
				31FA39BA2DC5A19A006A2F07 /* Debug */,
				31FA39BB2DC5A19A006A2F07 /* Release */,
			);
			defaultConfigurationIsVisible = 0;
			defaultConfigurationName = Release;
		};
		31FA39BC2DC5A19A006A2F07 /* Build configuration list for PBXNativeTarget "SimpleRSSTests" */ = {
			isa = XCConfigurationList;
			buildConfigurations = (
				31FA39BD2DC5A19A006A2F07 /* Debug */,
				31FA39BE2DC5A19A006A2F07 /* Release */,
			);
			defaultConfigurationIsVisible = 0;
			defaultConfigurationName = Release;
		};
		31FA39BF2DC5A19A006A2F07 /* Build configuration list for PBXNativeTarget "SimpleRSSUITests" */ = {
			isa = XCConfigurationList;
			buildConfigurations = (
				31FA39C02DC5A19A006A2F07 /* Debug */,
				31FA39C12DC5A19A006A2F07 /* Release */,
			);
			defaultConfigurationIsVisible = 0;
			defaultConfigurationName = Release;
		};
/* End XCConfigurationList section */

/* Begin XCRemoteSwiftPackageReference section */
		31FDEA252DCAF01A00A8FE5B /* XCRemoteSwiftPackageReference "FeedKit" */ = {
			isa = XCRemoteSwiftPackageReference;
			repositoryURL = "https://github.com/nmdias/FeedKit";
			requirement = {
				kind = upToNextMajorVersion;
				minimumVersion = 9.1.2;
			};
		};
/* End XCRemoteSwiftPackageReference section */

/* Begin XCSwiftPackageProductDependency section */
		31FDEA262DCAF01A00A8FE5B /* FeedKit */ = {
			isa = XCSwiftPackageProductDependency;
			package = 31FDEA252DCAF01A00A8FE5B /* XCRemoteSwiftPackageReference "FeedKit" */;
			productName = FeedKit;
		};
/* End XCSwiftPackageProductDependency section */
	};
	rootObject = 31FA398F2DC5A198006A2F07 /* Project object */;
}
